// !$*UTF8*$!
{
	archiveVersion = 1;
	classes = {
	};
	objectVersion = 56;
	objects = {

/* Begin PBXBuildFile section */
		264FB1DBBD3701278ED7DF70 /* Pods_ParkingInfo.framework in Frameworks */ = {isa = PBXBuildFile; fileRef = 9B595645E673E94072F3CE4D /* Pods_ParkingInfo.framework */; };
		B527B38C29D992A7007B3355 /* BaseViewController.swift in Sources */ = {isa = PBXBuildFile; fileRef = B527B38B29D992A7007B3355 /* BaseViewController.swift */; };
		B527B38F29D996AC007B3355 /* LoginViewController.swift in Sources */ = {isa = PBXBuildFile; fileRef = B527B38E29D996AC007B3355 /* LoginViewController.swift */; };
		B527B39129DA4E10007B3355 /* LoginViewModel.swift in Sources */ = {isa = PBXBuildFile; fileRef = B527B39029DA4E10007B3355 /* LoginViewModel.swift */; };
		B527B39329DA4E7F007B3355 /* HomeViewModel.swift in Sources */ = {isa = PBXBuildFile; fileRef = B527B39229DA4E7F007B3355 /* HomeViewModel.swift */; };
		B5304C5929E7D385007C1060 /* Info.swift in Sources */ = {isa = PBXBuildFile; fileRef = B5304C5829E7D385007C1060 /* Info.swift */; };
		B5304C5C29E7DF01007C1060 /* ReusableIdenrifier.swift in Sources */ = {isa = PBXBuildFile; fileRef = B5304C5B29E7DF01007C1060 /* ReusableIdenrifier.swift */; };
		B5304C5F29E7DF45007C1060 /* HomeCell.swift in Sources */ = {isa = PBXBuildFile; fileRef = B5304C5E29E7DF45007C1060 /* HomeCell.swift */; };
		B5304C6229E80A72007C1060 /* HeaderView.swift in Sources */ = {isa = PBXBuildFile; fileRef = B5304C6129E80A72007C1060 /* HeaderView.swift */; };
		B5304C6529E98D05007C1060 /* Coordinator.swift in Sources */ = {isa = PBXBuildFile; fileRef = B5304C6429E98D05007C1060 /* Coordinator.swift */; };
		B5304C6729E9A289007C1060 /* MainCoordinator.swift in Sources */ = {isa = PBXBuildFile; fileRef = B5304C6629E9A289007C1060 /* MainCoordinator.swift */; };
		B56AB73F29FBFC85004AB3CF /* LoginManager.swift in Sources */ = {isa = PBXBuildFile; fileRef = B56AB73E29FBFC85004AB3CF /* LoginManager.swift */; };
		B56AB76E29FFF1CF004AB3CF /* BoardViewController.swift in Sources */ = {isa = PBXBuildFile; fileRef = B56AB76D29FFF1CF004AB3CF /* BoardViewController.swift */; };
		B56AB77029FFF469004AB3CF /* BoardViewModel.swift in Sources */ = {isa = PBXBuildFile; fileRef = B56AB76F29FFF469004AB3CF /* BoardViewModel.swift */; };
		B56AB7722A000549004AB3CF /* TabbarViewController.swift in Sources */ = {isa = PBXBuildFile; fileRef = B56AB7712A000549004AB3CF /* TabbarViewController.swift */; };
		B56AB7742A0152B4004AB3CF /* CurvedView.swift in Sources */ = {isa = PBXBuildFile; fileRef = B56AB7732A0152B4004AB3CF /* CurvedView.swift */; };
		B56AB7762A0154A2004AB3CF /* UIView+Extension.swift in Sources */ = {isa = PBXBuildFile; fileRef = B56AB7752A0154A2004AB3CF /* UIView+Extension.swift */; };
		B56AB7782A023A05004AB3CF /* InfoNetworkImpl.swift in Sources */ = {isa = PBXBuildFile; fileRef = B56AB7772A023A05004AB3CF /* InfoNetworkImpl.swift */; };
		B56AB77D2A023D3E004AB3CF /* StatusCodeResponse.swift in Sources */ = {isa = PBXBuildFile; fileRef = B56AB77C2A023D3E004AB3CF /* StatusCodeResponse.swift */; };
		B56AB7842A04FCD8004AB3CF /* WidgetKit.framework in Frameworks */ = {isa = PBXBuildFile; fileRef = B56AB7832A04FCD8004AB3CF /* WidgetKit.framework */; };
		B56AB7862A04FCD8004AB3CF /* SwiftUI.framework in Frameworks */ = {isa = PBXBuildFile; fileRef = B56AB7852A04FCD8004AB3CF /* SwiftUI.framework */; };
		B56AB7892A04FCD8004AB3CF /* InfoWidgetBundle.swift in Sources */ = {isa = PBXBuildFile; fileRef = B56AB7882A04FCD8004AB3CF /* InfoWidgetBundle.swift */; };
		B56AB78B2A04FCD8004AB3CF /* InfoWidgetLiveActivity.swift in Sources */ = {isa = PBXBuildFile; fileRef = B56AB78A2A04FCD8004AB3CF /* InfoWidgetLiveActivity.swift */; };
		B56AB78D2A04FCD8004AB3CF /* InfoWidget.swift in Sources */ = {isa = PBXBuildFile; fileRef = B56AB78C2A04FCD8004AB3CF /* InfoWidget.swift */; };
		B56AB7902A04FCD9004AB3CF /* Assets.xcassets in Resources */ = {isa = PBXBuildFile; fileRef = B56AB78F2A04FCD9004AB3CF /* Assets.xcassets */; };
		B56AB7922A04FCD9004AB3CF /* InfoWidget.intentdefinition in Sources */ = {isa = PBXBuildFile; fileRef = B56AB78E2A04FCD8004AB3CF /* InfoWidget.intentdefinition */; };
		B56AB7932A04FCD9004AB3CF /* InfoWidget.intentdefinition in Sources */ = {isa = PBXBuildFile; fileRef = B56AB78E2A04FCD8004AB3CF /* InfoWidget.intentdefinition */; };
		B56AB7962A04FCD9004AB3CF /* InfoWidgetExtension.appex in Embed Foundation Extensions */ = {isa = PBXBuildFile; fileRef = B56AB7822A04FCD8004AB3CF /* InfoWidgetExtension.appex */; settings = {ATTRIBUTES = (RemoveHeadersOnCopy, ); }; };
		B56AB79C2A06914B004AB3CF /* Encodable+Extension.swift in Sources */ = {isa = PBXBuildFile; fileRef = B56AB79B2A06914B004AB3CF /* Encodable+Extension.swift */; };
		B56AB79E2A0746C5004AB3CF /* Comment.swift in Sources */ = {isa = PBXBuildFile; fileRef = B56AB79D2A0746C5004AB3CF /* Comment.swift */; };
		B56AB7A02A07ACCC004AB3CF /* AppleLoginManager.swift in Sources */ = {isa = PBXBuildFile; fileRef = B56AB79F2A07ACCB004AB3CF /* AppleLoginManager.swift */; };
		B574090029F51E8700E11E92 /* UIColor+Extension.swift in Sources */ = {isa = PBXBuildFile; fileRef = B57408FF29F51E8700E11E92 /* UIColor+Extension.swift */; };
		B5FD471C29D6AC6F007DA4C8 /* AppDelegate.swift in Sources */ = {isa = PBXBuildFile; fileRef = B5FD471B29D6AC6F007DA4C8 /* AppDelegate.swift */; };
		B5FD471E29D6AC6F007DA4C8 /* SceneDelegate.swift in Sources */ = {isa = PBXBuildFile; fileRef = B5FD471D29D6AC6F007DA4C8 /* SceneDelegate.swift */; };
		B5FD472329D6AC6F007DA4C8 /* Main.storyboard in Resources */ = {isa = PBXBuildFile; fileRef = B5FD472129D6AC6F007DA4C8 /* Main.storyboard */; };
		B5FD472629D6AC6F007DA4C8 /* ParkingInfo.xcdatamodeld in Sources */ = {isa = PBXBuildFile; fileRef = B5FD472429D6AC6F007DA4C8 /* ParkingInfo.xcdatamodeld */; };
		B5FD472829D6AC70007DA4C8 /* Assets.xcassets in Resources */ = {isa = PBXBuildFile; fileRef = B5FD472729D6AC70007DA4C8 /* Assets.xcassets */; };
		B5FD472B29D6AC70007DA4C8 /* LaunchScreen.storyboard in Resources */ = {isa = PBXBuildFile; fileRef = B5FD472929D6AC70007DA4C8 /* LaunchScreen.storyboard */; };
		B5FD474729D6AD33007DA4C8 /* HomeViewController.swift in Sources */ = {isa = PBXBuildFile; fileRef = B5FD474629D6AD33007DA4C8 /* HomeViewController.swift */; };
/* End PBXBuildFile section */

/* Begin PBXContainerItemProxy section */
		B56AB7942A04FCD9004AB3CF /* PBXContainerItemProxy */ = {
			isa = PBXContainerItemProxy;
			containerPortal = B5FD471029D6AC6F007DA4C8 /* Project object */;
			proxyType = 1;
			remoteGlobalIDString = B56AB7812A04FCD8004AB3CF;
			remoteInfo = InfoWidgetExtension;
		};
/* End PBXContainerItemProxy section */

/* Begin PBXCopyFilesBuildPhase section */
		B56AB7972A04FCD9004AB3CF /* Embed Foundation Extensions */ = {
			isa = PBXCopyFilesBuildPhase;
			buildActionMask = 2147483647;
			dstPath = "";
			dstSubfolderSpec = 13;
			files = (
				B56AB7962A04FCD9004AB3CF /* InfoWidgetExtension.appex in Embed Foundation Extensions */,
			);
			name = "Embed Foundation Extensions";
			runOnlyForDeploymentPostprocessing = 0;
		};
/* End PBXCopyFilesBuildPhase section */

/* Begin PBXFileReference section */
		568095187EB8B34530DC66F8 /* Pods-ParkingInfo.release.xcconfig */ = {isa = PBXFileReference; includeInIndex = 1; lastKnownFileType = text.xcconfig; name = "Pods-ParkingInfo.release.xcconfig"; path = "Target Support Files/Pods-ParkingInfo/Pods-ParkingInfo.release.xcconfig"; sourceTree = "<group>"; };
		9B595645E673E94072F3CE4D /* Pods_ParkingInfo.framework */ = {isa = PBXFileReference; explicitFileType = wrapper.framework; includeInIndex = 0; path = Pods_ParkingInfo.framework; sourceTree = BUILT_PRODUCTS_DIR; };
		9F73404F98F37D99BC432C1D /* Pods-ParkingInfo.debug.xcconfig */ = {isa = PBXFileReference; includeInIndex = 1; lastKnownFileType = text.xcconfig; name = "Pods-ParkingInfo.debug.xcconfig"; path = "Target Support Files/Pods-ParkingInfo/Pods-ParkingInfo.debug.xcconfig"; sourceTree = "<group>"; };
		B527B38B29D992A7007B3355 /* BaseViewController.swift */ = {isa = PBXFileReference; lastKnownFileType = sourcecode.swift; path = BaseViewController.swift; sourceTree = "<group>"; };
		B527B38E29D996AC007B3355 /* LoginViewController.swift */ = {isa = PBXFileReference; lastKnownFileType = sourcecode.swift; path = LoginViewController.swift; sourceTree = "<group>"; };
		B527B39029DA4E10007B3355 /* LoginViewModel.swift */ = {isa = PBXFileReference; lastKnownFileType = sourcecode.swift; path = LoginViewModel.swift; sourceTree = "<group>"; };
		B527B39229DA4E7F007B3355 /* HomeViewModel.swift */ = {isa = PBXFileReference; lastKnownFileType = sourcecode.swift; path = HomeViewModel.swift; sourceTree = "<group>"; };
		B5304C5829E7D385007C1060 /* Info.swift */ = {isa = PBXFileReference; lastKnownFileType = sourcecode.swift; path = Info.swift; sourceTree = "<group>"; };
		B5304C5B29E7DF01007C1060 /* ReusableIdenrifier.swift */ = {isa = PBXFileReference; lastKnownFileType = sourcecode.swift; path = ReusableIdenrifier.swift; sourceTree = "<group>"; };
		B5304C5E29E7DF45007C1060 /* HomeCell.swift */ = {isa = PBXFileReference; lastKnownFileType = sourcecode.swift; path = HomeCell.swift; sourceTree = "<group>"; };
		B5304C6129E80A72007C1060 /* HeaderView.swift */ = {isa = PBXFileReference; lastKnownFileType = sourcecode.swift; path = HeaderView.swift; sourceTree = "<group>"; };
		B5304C6429E98D05007C1060 /* Coordinator.swift */ = {isa = PBXFileReference; lastKnownFileType = sourcecode.swift; path = Coordinator.swift; sourceTree = "<group>"; };
		B5304C6629E9A289007C1060 /* MainCoordinator.swift */ = {isa = PBXFileReference; lastKnownFileType = sourcecode.swift; path = MainCoordinator.swift; sourceTree = "<group>"; };
		B56AB73E29FBFC85004AB3CF /* LoginManager.swift */ = {isa = PBXFileReference; lastKnownFileType = sourcecode.swift; path = LoginManager.swift; sourceTree = "<group>"; };
		B56AB76D29FFF1CF004AB3CF /* BoardViewController.swift */ = {isa = PBXFileReference; lastKnownFileType = sourcecode.swift; path = BoardViewController.swift; sourceTree = "<group>"; };
		B56AB76F29FFF469004AB3CF /* BoardViewModel.swift */ = {isa = PBXFileReference; lastKnownFileType = sourcecode.swift; path = BoardViewModel.swift; sourceTree = "<group>"; };
		B56AB7712A000549004AB3CF /* TabbarViewController.swift */ = {isa = PBXFileReference; lastKnownFileType = sourcecode.swift; path = TabbarViewController.swift; sourceTree = "<group>"; };
		B56AB7732A0152B4004AB3CF /* CurvedView.swift */ = {isa = PBXFileReference; lastKnownFileType = sourcecode.swift; path = CurvedView.swift; sourceTree = "<group>"; };
		B56AB7752A0154A2004AB3CF /* UIView+Extension.swift */ = {isa = PBXFileReference; lastKnownFileType = sourcecode.swift; path = "UIView+Extension.swift"; sourceTree = "<group>"; };
		B56AB7772A023A05004AB3CF /* InfoNetworkImpl.swift */ = {isa = PBXFileReference; lastKnownFileType = sourcecode.swift; path = InfoNetworkImpl.swift; sourceTree = "<group>"; };
		B56AB77C2A023D3E004AB3CF /* StatusCodeResponse.swift */ = {isa = PBXFileReference; lastKnownFileType = sourcecode.swift; path = StatusCodeResponse.swift; sourceTree = "<group>"; };
		B56AB7822A04FCD8004AB3CF /* InfoWidgetExtension.appex */ = {isa = PBXFileReference; explicitFileType = "wrapper.app-extension"; includeInIndex = 0; path = InfoWidgetExtension.appex; sourceTree = BUILT_PRODUCTS_DIR; };
		B56AB7832A04FCD8004AB3CF /* WidgetKit.framework */ = {isa = PBXFileReference; lastKnownFileType = wrapper.framework; name = WidgetKit.framework; path = System/Library/Frameworks/WidgetKit.framework; sourceTree = SDKROOT; };
		B56AB7852A04FCD8004AB3CF /* SwiftUI.framework */ = {isa = PBXFileReference; lastKnownFileType = wrapper.framework; name = SwiftUI.framework; path = System/Library/Frameworks/SwiftUI.framework; sourceTree = SDKROOT; };
		B56AB7882A04FCD8004AB3CF /* InfoWidgetBundle.swift */ = {isa = PBXFileReference; lastKnownFileType = sourcecode.swift; path = InfoWidgetBundle.swift; sourceTree = "<group>"; };
		B56AB78A2A04FCD8004AB3CF /* InfoWidgetLiveActivity.swift */ = {isa = PBXFileReference; lastKnownFileType = sourcecode.swift; path = InfoWidgetLiveActivity.swift; sourceTree = "<group>"; };
		B56AB78C2A04FCD8004AB3CF /* InfoWidget.swift */ = {isa = PBXFileReference; lastKnownFileType = sourcecode.swift; path = InfoWidget.swift; sourceTree = "<group>"; };
		B56AB78E2A04FCD8004AB3CF /* InfoWidget.intentdefinition */ = {isa = PBXFileReference; lastKnownFileType = file.intentdefinition; path = InfoWidget.intentdefinition; sourceTree = "<group>"; };
		B56AB78F2A04FCD9004AB3CF /* Assets.xcassets */ = {isa = PBXFileReference; lastKnownFileType = folder.assetcatalog; path = Assets.xcassets; sourceTree = "<group>"; };
		B56AB7912A04FCD9004AB3CF /* Info.plist */ = {isa = PBXFileReference; lastKnownFileType = text.plist.xml; path = Info.plist; sourceTree = "<group>"; };
		B56AB79B2A06914B004AB3CF /* Encodable+Extension.swift */ = {isa = PBXFileReference; lastKnownFileType = sourcecode.swift; path = "Encodable+Extension.swift"; sourceTree = "<group>"; };
		B56AB79D2A0746C5004AB3CF /* Comment.swift */ = {isa = PBXFileReference; lastKnownFileType = sourcecode.swift; path = Comment.swift; sourceTree = "<group>"; };
		B56AB79F2A07ACCB004AB3CF /* AppleLoginManager.swift */ = {isa = PBXFileReference; lastKnownFileType = sourcecode.swift; path = AppleLoginManager.swift; sourceTree = "<group>"; };
		B57408FF29F51E8700E11E92 /* UIColor+Extension.swift */ = {isa = PBXFileReference; lastKnownFileType = sourcecode.swift; path = "UIColor+Extension.swift"; sourceTree = "<group>"; };
		B5FD471829D6AC6F007DA4C8 /* ParkingInfo.app */ = {isa = PBXFileReference; explicitFileType = wrapper.application; includeInIndex = 0; path = ParkingInfo.app; sourceTree = BUILT_PRODUCTS_DIR; };
		B5FD471B29D6AC6F007DA4C8 /* AppDelegate.swift */ = {isa = PBXFileReference; lastKnownFileType = sourcecode.swift; path = AppDelegate.swift; sourceTree = "<group>"; };
		B5FD471D29D6AC6F007DA4C8 /* SceneDelegate.swift */ = {isa = PBXFileReference; lastKnownFileType = sourcecode.swift; path = SceneDelegate.swift; sourceTree = "<group>"; };
		B5FD472229D6AC6F007DA4C8 /* Base */ = {isa = PBXFileReference; lastKnownFileType = file.storyboard; name = Base; path = Base.lproj/Main.storyboard; sourceTree = "<group>"; };
		B5FD472529D6AC6F007DA4C8 /* ParkingInfo.xcdatamodel */ = {isa = PBXFileReference; lastKnownFileType = wrapper.xcdatamodel; path = ParkingInfo.xcdatamodel; sourceTree = "<group>"; };
		B5FD472729D6AC70007DA4C8 /* Assets.xcassets */ = {isa = PBXFileReference; lastKnownFileType = folder.assetcatalog; path = Assets.xcassets; sourceTree = "<group>"; };
		B5FD472A29D6AC70007DA4C8 /* Base */ = {isa = PBXFileReference; lastKnownFileType = file.storyboard; name = Base; path = Base.lproj/LaunchScreen.storyboard; sourceTree = "<group>"; };
		B5FD472C29D6AC70007DA4C8 /* Info.plist */ = {isa = PBXFileReference; lastKnownFileType = text.plist.xml; path = Info.plist; sourceTree = "<group>"; };
		B5FD474629D6AD33007DA4C8 /* HomeViewController.swift */ = {isa = PBXFileReference; lastKnownFileType = sourcecode.swift; path = HomeViewController.swift; sourceTree = "<group>"; };
/* End PBXFileReference section */

/* Begin PBXFrameworksBuildPhase section */
		B56AB77F2A04FCD8004AB3CF /* Frameworks */ = {
			isa = PBXFrameworksBuildPhase;
			buildActionMask = 2147483647;
			files = (
				B56AB7862A04FCD8004AB3CF /* SwiftUI.framework in Frameworks */,
				B56AB7842A04FCD8004AB3CF /* WidgetKit.framework in Frameworks */,
			);
			runOnlyForDeploymentPostprocessing = 0;
		};
		B5FD471529D6AC6F007DA4C8 /* Frameworks */ = {
			isa = PBXFrameworksBuildPhase;
			buildActionMask = 2147483647;
			files = (
				264FB1DBBD3701278ED7DF70 /* Pods_ParkingInfo.framework in Frameworks */,
			);
			runOnlyForDeploymentPostprocessing = 0;
		};
/* End PBXFrameworksBuildPhase section */

/* Begin PBXGroup section */
		A0ABBD82452BB443F8233DEB /* Pods */ = {
			isa = PBXGroup;
			children = (
				9F73404F98F37D99BC432C1D /* Pods-ParkingInfo.debug.xcconfig */,
				568095187EB8B34530DC66F8 /* Pods-ParkingInfo.release.xcconfig */,
			);
			path = Pods;
			sourceTree = "<group>";
		};
		B527B38D29D996A0007B3355 /* Login */ = {
			isa = PBXGroup;
			children = (
				B527B38E29D996AC007B3355 /* LoginViewController.swift */,
				B527B39029DA4E10007B3355 /* LoginViewModel.swift */,
				B56AB7732A0152B4004AB3CF /* CurvedView.swift */,
				B56AB79F2A07ACCB004AB3CF /* AppleLoginManager.swift */,
			);
			path = Login;
			sourceTree = "<group>";
		};
		B5304C5A29E7DEF3007C1060 /* Extension */ = {
			isa = PBXGroup;
			children = (
				B5304C5B29E7DF01007C1060 /* ReusableIdenrifier.swift */,
				B57408FF29F51E8700E11E92 /* UIColor+Extension.swift */,
				B56AB7752A0154A2004AB3CF /* UIView+Extension.swift */,
				B56AB79B2A06914B004AB3CF /* Encodable+Extension.swift */,
			);
			path = Extension;
			sourceTree = "<group>";
		};
		B5304C6029E80A66007C1060 /* Components */ = {
			isa = PBXGroup;
			children = (
				B5304C6129E80A72007C1060 /* HeaderView.swift */,
			);
			path = Components;
			sourceTree = "<group>";
		};
		B5304C6329E98761007C1060 /* Coordinator */ = {
			isa = PBXGroup;
			children = (
				B5304C6429E98D05007C1060 /* Coordinator.swift */,
				B5304C6629E9A289007C1060 /* MainCoordinator.swift */,
			);
			path = Coordinator;
			sourceTree = "<group>";
		};
		B56AB76C29FFF17B004AB3CF /* Board */ = {
			isa = PBXGroup;
			children = (
				B56AB76D29FFF1CF004AB3CF /* BoardViewController.swift */,
				B56AB76F29FFF469004AB3CF /* BoardViewModel.swift */,
			);
			path = Board;
			sourceTree = "<group>";
		};
		B56AB7792A023A4A004AB3CF /* Network */ = {
			isa = PBXGroup;
			children = (
				B56AB7772A023A05004AB3CF /* InfoNetworkImpl.swift */,
				B56AB77C2A023D3E004AB3CF /* StatusCodeResponse.swift */,
			);
			path = Network;
			sourceTree = "<group>";
		};
		B56AB7872A04FCD8004AB3CF /* InfoWidget */ = {
			isa = PBXGroup;
			children = (
				B56AB7882A04FCD8004AB3CF /* InfoWidgetBundle.swift */,
				B56AB78A2A04FCD8004AB3CF /* InfoWidgetLiveActivity.swift */,
				B56AB78C2A04FCD8004AB3CF /* InfoWidget.swift */,
				B56AB78E2A04FCD8004AB3CF /* InfoWidget.intentdefinition */,
				B56AB78F2A04FCD9004AB3CF /* Assets.xcassets */,
				B56AB7912A04FCD9004AB3CF /* Info.plist */,
			);
			path = InfoWidget;
			sourceTree = "<group>";
		};
		B5FD470F29D6AC6F007DA4C8 = {
			isa = PBXGroup;
			children = (
				B5FD471A29D6AC6F007DA4C8 /* ParkingInfo */,
				B56AB7872A04FCD8004AB3CF /* InfoWidget */,
				B5FD471929D6AC6F007DA4C8 /* Products */,
				A0ABBD82452BB443F8233DEB /* Pods */,
				F290F11ABEE21136BA083A02 /* Frameworks */,
			);
			sourceTree = "<group>";
		};
		B5FD471929D6AC6F007DA4C8 /* Products */ = {
			isa = PBXGroup;
			children = (
				B5FD471829D6AC6F007DA4C8 /* ParkingInfo.app */,
				B56AB7822A04FCD8004AB3CF /* InfoWidgetExtension.appex */,
			);
			name = Products;
			sourceTree = "<group>";
		};
		B5FD471A29D6AC6F007DA4C8 /* ParkingInfo */ = {
			isa = PBXGroup;
			children = (
				B5304C6329E98761007C1060 /* Coordinator */,
				B5304C6029E80A66007C1060 /* Components */,
				B5304C5A29E7DEF3007C1060 /* Extension */,
				B5FD474429D6AD0F007DA4C8 /* Manager */,
				B5FD474329D6ACFD007DA4C8 /* ViewControllers */,
				B5FD474229D6ACF2007DA4C8 /* View */,
				B5FD474029D6ACCC007DA4C8 /* Model */,
				B5FD471B29D6AC6F007DA4C8 /* AppDelegate.swift */,
				B5FD471D29D6AC6F007DA4C8 /* SceneDelegate.swift */,
				B5FD472129D6AC6F007DA4C8 /* Main.storyboard */,
				B5FD472729D6AC70007DA4C8 /* Assets.xcassets */,
				B5FD472929D6AC70007DA4C8 /* LaunchScreen.storyboard */,
				B5FD472C29D6AC70007DA4C8 /* Info.plist */,
				B5FD472429D6AC6F007DA4C8 /* ParkingInfo.xcdatamodeld */,
			);
			path = ParkingInfo;
			sourceTree = "<group>";
		};
		B5FD474029D6ACCC007DA4C8 /* Model */ = {
			isa = PBXGroup;
			children = (
				B5304C5829E7D385007C1060 /* Info.swift */,
				B56AB79D2A0746C5004AB3CF /* Comment.swift */,
			);
			path = Model;
			sourceTree = "<group>";
		};
		B5FD474229D6ACF2007DA4C8 /* View */ = {
			isa = PBXGroup;
			children = (
			);
			path = View;
			sourceTree = "<group>";
		};
		B5FD474329D6ACFD007DA4C8 /* ViewControllers */ = {
			isa = PBXGroup;
			children = (
				B56AB76C29FFF17B004AB3CF /* Board */,
				B527B38D29D996A0007B3355 /* Login */,
				B5FD474529D6AD22007DA4C8 /* Home */,
				B527B38B29D992A7007B3355 /* BaseViewController.swift */,
			);
			path = ViewControllers;
			sourceTree = "<group>";
		};
		B5FD474429D6AD0F007DA4C8 /* Manager */ = {
			isa = PBXGroup;
			children = (
				B56AB7792A023A4A004AB3CF /* Network */,
				B56AB73E29FBFC85004AB3CF /* LoginManager.swift */,
			);
			path = Manager;
			sourceTree = "<group>";
		};
		B5FD474529D6AD22007DA4C8 /* Home */ = {
			isa = PBXGroup;
			children = (
				B5FD474629D6AD33007DA4C8 /* HomeViewController.swift */,
				B527B39229DA4E7F007B3355 /* HomeViewModel.swift */,
				B5304C5E29E7DF45007C1060 /* HomeCell.swift */,
				B56AB7712A000549004AB3CF /* TabbarViewController.swift */,
			);
			path = Home;
			sourceTree = "<group>";
		};
		F290F11ABEE21136BA083A02 /* Frameworks */ = {
			isa = PBXGroup;
			children = (
				9B595645E673E94072F3CE4D /* Pods_ParkingInfo.framework */,
				B56AB7832A04FCD8004AB3CF /* WidgetKit.framework */,
				B56AB7852A04FCD8004AB3CF /* SwiftUI.framework */,
			);
			name = Frameworks;
			sourceTree = "<group>";
		};
/* End PBXGroup section */

/* Begin PBXNativeTarget section */
		B56AB7812A04FCD8004AB3CF /* InfoWidgetExtension */ = {
			isa = PBXNativeTarget;
			buildConfigurationList = B56AB79A2A04FCD9004AB3CF /* Build configuration list for PBXNativeTarget "InfoWidgetExtension" */;
			buildPhases = (
				B56AB77E2A04FCD8004AB3CF /* Sources */,
				B56AB77F2A04FCD8004AB3CF /* Frameworks */,
				B56AB7802A04FCD8004AB3CF /* Resources */,
			);
			buildRules = (
			);
			dependencies = (
			);
			name = InfoWidgetExtension;
			productName = InfoWidgetExtension;
			productReference = B56AB7822A04FCD8004AB3CF /* InfoWidgetExtension.appex */;
			productType = "com.apple.product-type.app-extension";
		};
		B5FD471729D6AC6F007DA4C8 /* ParkingInfo */ = {
			isa = PBXNativeTarget;
			buildConfigurationList = B5FD472F29D6AC70007DA4C8 /* Build configuration list for PBXNativeTarget "ParkingInfo" */;
			buildPhases = (
				87DC8ACE65BBA5236F84C055 /* [CP] Check Pods Manifest.lock */,
				B5FD471429D6AC6F007DA4C8 /* Sources */,
				B5FD471529D6AC6F007DA4C8 /* Frameworks */,
				B5FD471629D6AC6F007DA4C8 /* Resources */,
				37EEFC32AA75830ACCEC0DBB /* [CP] Embed Pods Frameworks */,
				B56AB7972A04FCD9004AB3CF /* Embed Foundation Extensions */,
			);
			buildRules = (
			);
			dependencies = (
				B56AB7952A04FCD9004AB3CF /* PBXTargetDependency */,
			);
			name = ParkingInfo;
			productName = ParkingInfo;
			productReference = B5FD471829D6AC6F007DA4C8 /* ParkingInfo.app */;
			productType = "com.apple.product-type.application";
		};
/* End PBXNativeTarget section */

/* Begin PBXProject section */
		B5FD471029D6AC6F007DA4C8 /* Project object */ = {
			isa = PBXProject;
			attributes = {
				BuildIndependentTargetsInParallel = 1;
				LastSwiftUpdateCheck = 1430;
				LastUpgradeCheck = 1420;
				TargetAttributes = {
					B56AB7812A04FCD8004AB3CF = {
						CreatedOnToolsVersion = 14.3;
					};
					B5FD471729D6AC6F007DA4C8 = {
						CreatedOnToolsVersion = 14.2;
					};
				};
			};
			buildConfigurationList = B5FD471329D6AC6F007DA4C8 /* Build configuration list for PBXProject "ParkingInfo" */;
			compatibilityVersion = "Xcode 14.0";
			developmentRegion = en;
			hasScannedForEncodings = 0;
			knownRegions = (
				en,
				Base,
			);
			mainGroup = B5FD470F29D6AC6F007DA4C8;
			productRefGroup = B5FD471929D6AC6F007DA4C8 /* Products */;
			projectDirPath = "";
			projectRoot = "";
			targets = (
				B5FD471729D6AC6F007DA4C8 /* ParkingInfo */,
				B56AB7812A04FCD8004AB3CF /* InfoWidgetExtension */,
			);
		};
/* End PBXProject section */

/* Begin PBXResourcesBuildPhase section */
		B56AB7802A04FCD8004AB3CF /* Resources */ = {
			isa = PBXResourcesBuildPhase;
			buildActionMask = 2147483647;
			files = (
				B56AB7902A04FCD9004AB3CF /* Assets.xcassets in Resources */,
			);
			runOnlyForDeploymentPostprocessing = 0;
		};
		B5FD471629D6AC6F007DA4C8 /* Resources */ = {
			isa = PBXResourcesBuildPhase;
			buildActionMask = 2147483647;
			files = (
				B5FD472B29D6AC70007DA4C8 /* LaunchScreen.storyboard in Resources */,
				B5FD472829D6AC70007DA4C8 /* Assets.xcassets in Resources */,
				B5FD472329D6AC6F007DA4C8 /* Main.storyboard in Resources */,
			);
			runOnlyForDeploymentPostprocessing = 0;
		};
/* End PBXResourcesBuildPhase section */

/* Begin PBXShellScriptBuildPhase section */
		37EEFC32AA75830ACCEC0DBB /* [CP] Embed Pods Frameworks */ = {
			isa = PBXShellScriptBuildPhase;
			buildActionMask = 2147483647;
			files = (
			);
			inputFileListPaths = (
				"${PODS_ROOT}/Target Support Files/Pods-ParkingInfo/Pods-ParkingInfo-frameworks-${CONFIGURATION}-input-files.xcfilelist",
			);
			name = "[CP] Embed Pods Frameworks";
			outputFileListPaths = (
				"${PODS_ROOT}/Target Support Files/Pods-ParkingInfo/Pods-ParkingInfo-frameworks-${CONFIGURATION}-output-files.xcfilelist",
			);
			runOnlyForDeploymentPostprocessing = 0;
			shellPath = /bin/sh;
			shellScript = "\"${PODS_ROOT}/Target Support Files/Pods-ParkingInfo/Pods-ParkingInfo-frameworks.sh\"\n";
			showEnvVarsInLog = 0;
		};
		87DC8ACE65BBA5236F84C055 /* [CP] Check Pods Manifest.lock */ = {
			isa = PBXShellScriptBuildPhase;
			buildActionMask = 2147483647;
			files = (
			);
			inputFileListPaths = (
			);
			inputPaths = (
				"${PODS_PODFILE_DIR_PATH}/Podfile.lock",
				"${PODS_ROOT}/Manifest.lock",
			);
			name = "[CP] Check Pods Manifest.lock";
			outputFileListPaths = (
			);
			outputPaths = (
				"$(DERIVED_FILE_DIR)/Pods-ParkingInfo-checkManifestLockResult.txt",
			);
			runOnlyForDeploymentPostprocessing = 0;
			shellPath = /bin/sh;
			shellScript = "diff \"${PODS_PODFILE_DIR_PATH}/Podfile.lock\" \"${PODS_ROOT}/Manifest.lock\" > /dev/null\nif [ $? != 0 ] ; then\n    # print error to STDERR\n    echo \"error: The sandbox is not in sync with the Podfile.lock. Run 'pod install' or update your CocoaPods installation.\" >&2\n    exit 1\nfi\n# This output is used by Xcode 'outputs' to avoid re-running this script phase.\necho \"SUCCESS\" > \"${SCRIPT_OUTPUT_FILE_0}\"\n";
			showEnvVarsInLog = 0;
		};
/* End PBXShellScriptBuildPhase section */

/* Begin PBXSourcesBuildPhase section */
		B56AB77E2A04FCD8004AB3CF /* Sources */ = {
			isa = PBXSourcesBuildPhase;
			buildActionMask = 2147483647;
			files = (
				B56AB7922A04FCD9004AB3CF /* InfoWidget.intentdefinition in Sources */,
				B56AB78B2A04FCD8004AB3CF /* InfoWidgetLiveActivity.swift in Sources */,
				B56AB78D2A04FCD8004AB3CF /* InfoWidget.swift in Sources */,
				B56AB7892A04FCD8004AB3CF /* InfoWidgetBundle.swift in Sources */,
			);
			runOnlyForDeploymentPostprocessing = 0;
		};
		B5FD471429D6AC6F007DA4C8 /* Sources */ = {
			isa = PBXSourcesBuildPhase;
			buildActionMask = 2147483647;
			files = (
				B527B38F29D996AC007B3355 /* LoginViewController.swift in Sources */,
				B56AB77D2A023D3E004AB3CF /* StatusCodeResponse.swift in Sources */,
				B56AB73F29FBFC85004AB3CF /* LoginManager.swift in Sources */,
				B5304C6729E9A289007C1060 /* MainCoordinator.swift in Sources */,
				B527B38C29D992A7007B3355 /* BaseViewController.swift in Sources */,
				B56AB7782A023A05004AB3CF /* InfoNetworkImpl.swift in Sources */,
				B5FD472629D6AC6F007DA4C8 /* ParkingInfo.xcdatamodeld in Sources */,
				B56AB77029FFF469004AB3CF /* BoardViewModel.swift in Sources */,
				B56AB7A02A07ACCC004AB3CF /* AppleLoginManager.swift in Sources */,
				B5304C5F29E7DF45007C1060 /* HomeCell.swift in Sources */,
				B5304C5929E7D385007C1060 /* Info.swift in Sources */,
				B527B39329DA4E7F007B3355 /* HomeViewModel.swift in Sources */,
				B56AB7722A000549004AB3CF /* TabbarViewController.swift in Sources */,
				B5FD471C29D6AC6F007DA4C8 /* AppDelegate.swift in Sources */,
				B5304C6229E80A72007C1060 /* HeaderView.swift in Sources */,
				B5FD471E29D6AC6F007DA4C8 /* SceneDelegate.swift in Sources */,
				B56AB76E29FFF1CF004AB3CF /* BoardViewController.swift in Sources */,
				B5304C5C29E7DF01007C1060 /* ReusableIdenrifier.swift in Sources */,
				B56AB7762A0154A2004AB3CF /* UIView+Extension.swift in Sources */,
				B5304C6529E98D05007C1060 /* Coordinator.swift in Sources */,
				B5FD474729D6AD33007DA4C8 /* HomeViewController.swift in Sources */,
				B56AB79C2A06914B004AB3CF /* Encodable+Extension.swift in Sources */,
				B56AB79E2A0746C5004AB3CF /* Comment.swift in Sources */,
				B56AB7932A04FCD9004AB3CF /* InfoWidget.intentdefinition in Sources */,
				B574090029F51E8700E11E92 /* UIColor+Extension.swift in Sources */,
				B527B39129DA4E10007B3355 /* LoginViewModel.swift in Sources */,
				B56AB7742A0152B4004AB3CF /* CurvedView.swift in Sources */,
			);
			runOnlyForDeploymentPostprocessing = 0;
		};
/* End PBXSourcesBuildPhase section */

/* Begin PBXTargetDependency section */
		B56AB7952A04FCD9004AB3CF /* PBXTargetDependency */ = {
			isa = PBXTargetDependency;
			target = B56AB7812A04FCD8004AB3CF /* InfoWidgetExtension */;
			targetProxy = B56AB7942A04FCD9004AB3CF /* PBXContainerItemProxy */;
		};
/* End PBXTargetDependency section */

/* Begin PBXVariantGroup section */
		B5FD472129D6AC6F007DA4C8 /* Main.storyboard */ = {
			isa = PBXVariantGroup;
			children = (
				B5FD472229D6AC6F007DA4C8 /* Base */,
			);
			name = Main.storyboard;
			sourceTree = "<group>";
		};
		B5FD472929D6AC70007DA4C8 /* LaunchScreen.storyboard */ = {
			isa = PBXVariantGroup;
			children = (
				B5FD472A29D6AC70007DA4C8 /* Base */,
			);
			name = LaunchScreen.storyboard;
			sourceTree = "<group>";
		};
/* End PBXVariantGroup section */

/* Begin XCBuildConfiguration section */
		B56AB7982A04FCD9004AB3CF /* Debug */ = {
			isa = XCBuildConfiguration;
			buildSettings = {
				ASSETCATALOG_COMPILER_GLOBAL_ACCENT_COLOR_NAME = AccentColor;
				ASSETCATALOG_COMPILER_WIDGET_BACKGROUND_COLOR_NAME = WidgetBackground;
				CODE_SIGN_STYLE = Automatic;
				CURRENT_PROJECT_VERSION = 1;
				DEVELOPMENT_TEAM = AU24ZRJ649;
				GENERATE_INFOPLIST_FILE = YES;
				INFOPLIST_FILE = InfoWidget/Info.plist;
				INFOPLIST_KEY_CFBundleDisplayName = InfoWidget;
				INFOPLIST_KEY_NSHumanReadableCopyright = "";
				IPHONEOS_DEPLOYMENT_TARGET = 16.4;
				LD_RUNPATH_SEARCH_PATHS = (
					"$(inherited)",
					"@executable_path/Frameworks",
					"@executable_path/../../Frameworks",
				);
				MARKETING_VERSION = 1.0;
				PRODUCT_BUNDLE_IDENTIFIER = Minjae.ParkingInfo.InfoWidget;
				PRODUCT_NAME = "$(TARGET_NAME)";
				SKIP_INSTALL = YES;
				SWIFT_EMIT_LOC_STRINGS = YES;
				SWIFT_VERSION = 5.0;
				TARGETED_DEVICE_FAMILY = "1,2";
			};
			name = Debug;
		};
		B56AB7992A04FCD9004AB3CF /* Release */ = {
			isa = XCBuildConfiguration;
			buildSettings = {
				ASSETCATALOG_COMPILER_GLOBAL_ACCENT_COLOR_NAME = AccentColor;
				ASSETCATALOG_COMPILER_WIDGET_BACKGROUND_COLOR_NAME = WidgetBackground;
				CODE_SIGN_STYLE = Automatic;
				CURRENT_PROJECT_VERSION = 1;
				DEVELOPMENT_TEAM = AU24ZRJ649;
				GENERATE_INFOPLIST_FILE = YES;
				INFOPLIST_FILE = InfoWidget/Info.plist;
				INFOPLIST_KEY_CFBundleDisplayName = InfoWidget;
				INFOPLIST_KEY_NSHumanReadableCopyright = "";
				IPHONEOS_DEPLOYMENT_TARGET = 16.4;
				LD_RUNPATH_SEARCH_PATHS = (
					"$(inherited)",
					"@executable_path/Frameworks",
					"@executable_path/../../Frameworks",
				);
				MARKETING_VERSION = 1.0;
				PRODUCT_BUNDLE_IDENTIFIER = Minjae.ParkingInfo.InfoWidget;
				PRODUCT_NAME = "$(TARGET_NAME)";
				SKIP_INSTALL = YES;
				SWIFT_EMIT_LOC_STRINGS = YES;
				SWIFT_VERSION = 5.0;
				TARGETED_DEVICE_FAMILY = "1,2";
			};
			name = Release;
		};
		B5FD472D29D6AC70007DA4C8 /* Debug */ = {
			isa = XCBuildConfiguration;
			buildSettings = {
				ALWAYS_SEARCH_USER_PATHS = NO;
				CLANG_ANALYZER_NONNULL = YES;
				CLANG_ANALYZER_NUMBER_OBJECT_CONVERSION = YES_AGGRESSIVE;
				CLANG_CXX_LANGUAGE_STANDARD = "gnu++20";
				CLANG_ENABLE_MODULES = YES;
				CLANG_ENABLE_OBJC_ARC = YES;
				CLANG_ENABLE_OBJC_WEAK = YES;
				CLANG_WARN_BLOCK_CAPTURE_AUTORELEASING = YES;
				CLANG_WARN_BOOL_CONVERSION = YES;
				CLANG_WARN_COMMA = YES;
				CLANG_WARN_CONSTANT_CONVERSION = YES;
				CLANG_WARN_DEPRECATED_OBJC_IMPLEMENTATIONS = YES;
				CLANG_WARN_DIRECT_OBJC_ISA_USAGE = YES_ERROR;
				CLANG_WARN_DOCUMENTATION_COMMENTS = YES;
				CLANG_WARN_EMPTY_BODY = YES;
				CLANG_WARN_ENUM_CONVERSION = YES;
				CLANG_WARN_INFINITE_RECURSION = YES;
				CLANG_WARN_INT_CONVERSION = YES;
				CLANG_WARN_NON_LITERAL_NULL_CONVERSION = YES;
				CLANG_WARN_OBJC_IMPLICIT_RETAIN_SELF = YES;
				CLANG_WARN_OBJC_LITERAL_CONVERSION = YES;
				CLANG_WARN_OBJC_ROOT_CLASS = YES_ERROR;
				CLANG_WARN_QUOTED_INCLUDE_IN_FRAMEWORK_HEADER = YES;
				CLANG_WARN_RANGE_LOOP_ANALYSIS = YES;
				CLANG_WARN_STRICT_PROTOTYPES = YES;
				CLANG_WARN_SUSPICIOUS_MOVE = YES;
				CLANG_WARN_UNGUARDED_AVAILABILITY = YES_AGGRESSIVE;
				CLANG_WARN_UNREACHABLE_CODE = YES;
				CLANG_WARN__DUPLICATE_METHOD_MATCH = YES;
				COPY_PHASE_STRIP = NO;
				DEBUG_INFORMATION_FORMAT = dwarf;
				ENABLE_STRICT_OBJC_MSGSEND = YES;
				ENABLE_TESTABILITY = YES;
				GCC_C_LANGUAGE_STANDARD = gnu11;
				GCC_DYNAMIC_NO_PIC = NO;
				GCC_NO_COMMON_BLOCKS = YES;
				GCC_OPTIMIZATION_LEVEL = 0;
				GCC_PREPROCESSOR_DEFINITIONS = (
					"DEBUG=1",
					"$(inherited)",
				);
				GCC_WARN_64_TO_32_BIT_CONVERSION = YES;
				GCC_WARN_ABOUT_RETURN_TYPE = YES_ERROR;
				GCC_WARN_UNDECLARED_SELECTOR = YES;
				GCC_WARN_UNINITIALIZED_AUTOS = YES_AGGRESSIVE;
				GCC_WARN_UNUSED_FUNCTION = YES;
				GCC_WARN_UNUSED_VARIABLE = YES;
				IPHONEOS_DEPLOYMENT_TARGET = 16.2;
				MTL_ENABLE_DEBUG_INFO = INCLUDE_SOURCE;
				MTL_FAST_MATH = YES;
				ONLY_ACTIVE_ARCH = YES;
				SDKROOT = iphoneos;
				SWIFT_ACTIVE_COMPILATION_CONDITIONS = DEBUG;
				SWIFT_OPTIMIZATION_LEVEL = "-Onone";
			};
			name = Debug;
		};
		B5FD472E29D6AC70007DA4C8 /* Release */ = {
			isa = XCBuildConfiguration;
			buildSettings = {
				ALWAYS_SEARCH_USER_PATHS = NO;
				CLANG_ANALYZER_NONNULL = YES;
				CLANG_ANALYZER_NUMBER_OBJECT_CONVERSION = YES_AGGRESSIVE;
				CLANG_CXX_LANGUAGE_STANDARD = "gnu++20";
				CLANG_ENABLE_MODULES = YES;
				CLANG_ENABLE_OBJC_ARC = YES;
				CLANG_ENABLE_OBJC_WEAK = YES;
				CLANG_WARN_BLOCK_CAPTURE_AUTORELEASING = YES;
				CLANG_WARN_BOOL_CONVERSION = YES;
				CLANG_WARN_COMMA = YES;
				CLANG_WARN_CONSTANT_CONVERSION = YES;
				CLANG_WARN_DEPRECATED_OBJC_IMPLEMENTATIONS = YES;
				CLANG_WARN_DIRECT_OBJC_ISA_USAGE = YES_ERROR;
				CLANG_WARN_DOCUMENTATION_COMMENTS = YES;
				CLANG_WARN_EMPTY_BODY = YES;
				CLANG_WARN_ENUM_CONVERSION = YES;
				CLANG_WARN_INFINITE_RECURSION = YES;
				CLANG_WARN_INT_CONVERSION = YES;
				CLANG_WARN_NON_LITERAL_NULL_CONVERSION = YES;
				CLANG_WARN_OBJC_IMPLICIT_RETAIN_SELF = YES;
				CLANG_WARN_OBJC_LITERAL_CONVERSION = YES;
				CLANG_WARN_OBJC_ROOT_CLASS = YES_ERROR;
				CLANG_WARN_QUOTED_INCLUDE_IN_FRAMEWORK_HEADER = YES;
				CLANG_WARN_RANGE_LOOP_ANALYSIS = YES;
				CLANG_WARN_STRICT_PROTOTYPES = YES;
				CLANG_WARN_SUSPICIOUS_MOVE = YES;
				CLANG_WARN_UNGUARDED_AVAILABILITY = YES_AGGRESSIVE;
				CLANG_WARN_UNREACHABLE_CODE = YES;
				CLANG_WARN__DUPLICATE_METHOD_MATCH = YES;
				COPY_PHASE_STRIP = NO;
				DEBUG_INFORMATION_FORMAT = "dwarf-with-dsym";
				ENABLE_NS_ASSERTIONS = NO;
				ENABLE_STRICT_OBJC_MSGSEND = YES;
				GCC_C_LANGUAGE_STANDARD = gnu11;
				GCC_NO_COMMON_BLOCKS = YES;
				GCC_WARN_64_TO_32_BIT_CONVERSION = YES;
				GCC_WARN_ABOUT_RETURN_TYPE = YES_ERROR;
				GCC_WARN_UNDECLARED_SELECTOR = YES;
				GCC_WARN_UNINITIALIZED_AUTOS = YES_AGGRESSIVE;
				GCC_WARN_UNUSED_FUNCTION = YES;
				GCC_WARN_UNUSED_VARIABLE = YES;
				IPHONEOS_DEPLOYMENT_TARGET = 16.2;
				MTL_ENABLE_DEBUG_INFO = NO;
				MTL_FAST_MATH = YES;
				SDKROOT = iphoneos;
				SWIFT_COMPILATION_MODE = wholemodule;
				SWIFT_OPTIMIZATION_LEVEL = "-O";
				VALIDATE_PRODUCT = YES;
			};
			name = Release;
		};
		B5FD473029D6AC70007DA4C8 /* Debug */ = {
			isa = XCBuildConfiguration;
			baseConfigurationReference = 9F73404F98F37D99BC432C1D /* Pods-ParkingInfo.debug.xcconfig */;
			buildSettings = {
				ALWAYS_EMBED_SWIFT_STANDARD_LIBRARIES = YES;
				ASSETCATALOG_COMPILER_APPICON_NAME = AppIcon;
				ASSETCATALOG_COMPILER_GLOBAL_ACCENT_COLOR_NAME = AccentColor;
				CODE_SIGN_STYLE = Automatic;
				CURRENT_PROJECT_VERSION = 1;
				DEVELOPMENT_TEAM = AU24ZRJ649;
				GENERATE_INFOPLIST_FILE = YES;
				INFOPLIST_FILE = ParkingInfo/Info.plist;
				INFOPLIST_KEY_UIApplicationSupportsIndirectInputEvents = YES;
				INFOPLIST_KEY_UILaunchStoryboardName = LaunchScreen;
				INFOPLIST_KEY_UIMainStoryboardFile = Main;
				INFOPLIST_KEY_UISupportedInterfaceOrientations_iPad = "UIInterfaceOrientationPortrait UIInterfaceOrientationPortraitUpsideDown UIInterfaceOrientationLandscapeLeft UIInterfaceOrientationLandscapeRight";
				INFOPLIST_KEY_UISupportedInterfaceOrientations_iPhone = "UIInterfaceOrientationPortrait UIInterfaceOrientationLandscapeLeft UIInterfaceOrientationLandscapeRight";
				LD_RUNPATH_SEARCH_PATHS = (
					"$(inherited)",
					"@executable_path/Frameworks",
				);
				MARKETING_VERSION = 1.0;
				PRODUCT_BUNDLE_IDENTIFIER = Minjae.ParkingInfo;
				PRODUCT_NAME = "$(TARGET_NAME)";
				SWIFT_EMIT_LOC_STRINGS = YES;
				SWIFT_VERSION = 5.0;
				TARGETED_DEVICE_FAMILY = "1,2";
			};
			name = Debug;
		};
		B5FD473129D6AC70007DA4C8 /* Release */ = {
			isa = XCBuildConfiguration;
			baseConfigurationReference = 568095187EB8B34530DC66F8 /* Pods-ParkingInfo.release.xcconfig */;
			buildSettings = {
				ALWAYS_EMBED_SWIFT_STANDARD_LIBRARIES = YES;
				ASSETCATALOG_COMPILER_APPICON_NAME = AppIcon;
				ASSETCATALOG_COMPILER_GLOBAL_ACCENT_COLOR_NAME = AccentColor;
				CODE_SIGN_STYLE = Automatic;
				CURRENT_PROJECT_VERSION = 1;
				DEVELOPMENT_TEAM = AU24ZRJ649;
				GENERATE_INFOPLIST_FILE = YES;
				INFOPLIST_FILE = ParkingInfo/Info.plist;
				INFOPLIST_KEY_UIApplicationSupportsIndirectInputEvents = YES;
				INFOPLIST_KEY_UILaunchStoryboardName = LaunchScreen;
				INFOPLIST_KEY_UIMainStoryboardFile = Main;
				INFOPLIST_KEY_UISupportedInterfaceOrientations_iPad = "UIInterfaceOrientationPortrait UIInterfaceOrientationPortraitUpsideDown UIInterfaceOrientationLandscapeLeft UIInterfaceOrientationLandscapeRight";
				INFOPLIST_KEY_UISupportedInterfaceOrientations_iPhone = "UIInterfaceOrientationPortrait UIInterfaceOrientationLandscapeLeft UIInterfaceOrientationLandscapeRight";
				LD_RUNPATH_SEARCH_PATHS = (
					"$(inherited)",
					"@executable_path/Frameworks",
				);
				MARKETING_VERSION = 1.0;
				PRODUCT_BUNDLE_IDENTIFIER = Minjae.ParkingInfo;
				PRODUCT_NAME = "$(TARGET_NAME)";
				SWIFT_EMIT_LOC_STRINGS = YES;
				SWIFT_VERSION = 5.0;
				TARGETED_DEVICE_FAMILY = "1,2";
			};
			name = Release;
		};
/* End XCBuildConfiguration section */

/* Begin XCConfigurationList section */
		B56AB79A2A04FCD9004AB3CF /* Build configuration list for PBXNativeTarget "InfoWidgetExtension" */ = {
			isa = XCConfigurationList;
			buildConfigurations = (
				B56AB7982A04FCD9004AB3CF /* Debug */,
				B56AB7992A04FCD9004AB3CF /* Release */,
			);
			defaultConfigurationIsVisible = 0;
			defaultConfigurationName = Release;
		};
		B5FD471329D6AC6F007DA4C8 /* Build configuration list for PBXProject "ParkingInfo" */ = {
			isa = XCConfigurationList;
			buildConfigurations = (
				B5FD472D29D6AC70007DA4C8 /* Debug */,
				B5FD472E29D6AC70007DA4C8 /* Release */,
			);
			defaultConfigurationIsVisible = 0;
			defaultConfigurationName = Release;
		};
		B5FD472F29D6AC70007DA4C8 /* Build configuration list for PBXNativeTarget "ParkingInfo" */ = {
			isa = XCConfigurationList;
			buildConfigurations = (
				B5FD473029D6AC70007DA4C8 /* Debug */,
				B5FD473129D6AC70007DA4C8 /* Release */,
			);
			defaultConfigurationIsVisible = 0;
			defaultConfigurationName = Release;
		};
/* End XCConfigurationList section */

/* Begin XCVersionGroup section */
		B5FD472429D6AC6F007DA4C8 /* ParkingInfo.xcdatamodeld */ = {
			isa = XCVersionGroup;
			children = (
				B5FD472529D6AC6F007DA4C8 /* ParkingInfo.xcdatamodel */,
			);
			currentVersion = B5FD472529D6AC6F007DA4C8 /* ParkingInfo.xcdatamodel */;
			path = ParkingInfo.xcdatamodeld;
			sourceTree = "<group>";
			versionGroupType = wrapper.xcdatamodel;
		};
/* End XCVersionGroup section */
	};
	rootObject = B5FD471029D6AC6F007DA4C8 /* Project object */;
}
